
Microsoft Visual Studio Solution File, Format Version 12.00
# Visual Studio Version 17
VisualStudioVersion = 17.7.34202.233
MinimumVisualStudioVersion = 10.0.40219.1
Project("{FAE04EC0-301F-11D3-BF4B-00C04F79EFBC}") = "WebApplication1", "WebApplication1\WebApplication1.csproj", "{BC5D490A-F57E-467D-81A3-91B0AC181B75}"
EndProject
Global
	GlobalSection(SolutionConfigurationPlatforms) = preSolution
		Debug|Any CPU = Debug|Any CPU
		Release|Any CPU = Release|Any CPU
	EndGlobalSection
	GlobalSection(ProjectConfigurationPlatforms) = postSolution
		{BC5D490A-F57E-467D-81A3-91B0AC181B75}.Debug|Any CPU.ActiveCfg = Debug|Any CPU
		{BC5D490A-F57E-467D-81A3-91B0AC181B75}.Debug|Any CPU.Build.0 = Debug|Any CPU
		{BC5D490A-F57E-467D-81A3-91B0AC181B75}.Release|Any CPU.ActiveCfg = Release|Any CPU
		{BC5D490A-F57E-467D-81A3-91B0AC181B75}.Release|Any CPU.Build.0 = Release|Any CPU
	EndGlobalSection
	GlobalSection(SolutionProperties) = preSolution
		HideSolutionNode = FALSE
	EndGlobalSection
	GlobalSection(ExtensibilityGlobals) = postSolution
		SolutionGuid = {1145E5F0-2700-454A-BBD2-EC063ABABA33}
	EndGlobalSection
EndGlobal
